
Microsoft Visual Studio Solution File, Format Version 12.00
Project("{FAE04EC0-301F-11D3-BF4B-00C04F79EFBC}") = "Events", "Events\Events.csproj", "{B62C40E6-13C5-4DF4-A06D-4A7589F3A869}"
EndProject
Global
	GlobalSection(SolutionConfigurationPlatforms) = preSolution
		Debug|Any CPU = Debug|Any CPU
		Release|Any CPU = Release|Any CPU
	EndGlobalSection
	GlobalSection(ProjectConfigurationPlatforms) = postSolution
		{B62C40E6-13C5-4DF4-A06D-4A7589F3A869}.Debug|Any CPU.ActiveCfg = Debug|Any CPU
		{B62C40E6-13C5-4DF4-A06D-4A7589F3A869}.Debug|Any CPU.Build.0 = Debug|Any CPU
		{B62C40E6-13C5-4DF4-A06D-4A7589F3A869}.Release|Any CPU.ActiveCfg = Release|Any CPU
		{B62C40E6-13C5-4DF4-A06D-4A7589F3A869}.Release|Any CPU.Build.0 = Release|Any CPU
	EndGlobalSection
EndGlobal
